
Microsoft Visual Studio Solution File, Format Version 12.00
# Visual Studio Version 16
VisualStudioVersion = 16.0.29728.190
MinimumVisualStudioVersion = 10.0.40219.1
Project("{FAE04EC0-301F-11D3-BF4B-00C04F79EFBC}") = "Calculator.GCD0705", "Calculator.GCD0705\Calculator.GCD0705.csproj", "{481E7CDC-B834-429E-B037-454587BC66A1}"
EndProject
Project("{FAE04EC0-301F-11D3-BF4B-00C04F79EFBC}") = "Calculator.GCD0705Tests", "Calculator.GCD0705Tests\Calculator.GCD0705Tests.csproj", "{B045011E-C596-4B14-91DE-A274DD7C5675}"
EndProject
Global
	GlobalSection(SolutionConfigurationPlatforms) = preSolution
		Debug|Any CPU = Debug|Any CPU
		Release|Any CPU = Release|Any CPU
	EndGlobalSection
	GlobalSection(ProjectConfigurationPlatforms) = postSolution
		{481E7CDC-B834-429E-B037-454587BC66A1}.Debug|Any CPU.ActiveCfg = Debug|Any CPU
		{481E7CDC-B834-429E-B037-454587BC66A1}.Debug|Any CPU.Build.0 = Debug|Any CPU
		{481E7CDC-B834-429E-B037-454587BC66A1}.Release|Any CPU.ActiveCfg = Release|Any CPU
		{481E7CDC-B834-429E-B037-454587BC66A1}.Release|Any CPU.Build.0 = Release|Any CPU
		{B045011E-C596-4B14-91DE-A274DD7C5675}.Debug|Any CPU.ActiveCfg = Debug|Any CPU
		{B045011E-C596-4B14-91DE-A274DD7C5675}.Debug|Any CPU.Build.0 = Debug|Any CPU
		{B045011E-C596-4B14-91DE-A274DD7C5675}.Release|Any CPU.ActiveCfg = Release|Any CPU
		{B045011E-C596-4B14-91DE-A274DD7C5675}.Release|Any CPU.Build.0 = Release|Any CPU
	EndGlobalSection
	GlobalSection(SolutionProperties) = preSolution
		HideSolutionNode = FALSE
	EndGlobalSection
	GlobalSection(ExtensibilityGlobals) = postSolution
		SolutionGuid = {3CED19BF-91CF-4637-B1A5-7A0199728277}
	EndGlobalSection
EndGlobal
